
Microsoft Visual Studio Solution File, Format Version 12.00
# Visual Studio 2013
VisualStudioVersion = 12.0.21005.1
MinimumVisualStudioVersion = 10.0.40219.1
Project("{FAE04EC0-301F-11D3-BF4B-00C04F79EFBC}") = "IntelectualGamesImproved", "IntelectualGamesImproved\IntelectualGamesImproved.csproj", "{C204B2ED-A988-4785-8AC9-870BAD66E15C}"
EndProject
Project("{FAE04EC0-301F-11D3-BF4B-00C04F79EFBC}") = "AccesToDataBase", "AccesToDataBase\AccesToDataBase.csproj", "{4B60FBF1-BFD4-42B4-9AEF-C065DDA6D508}"
EndProject
Project("{FAE04EC0-301F-11D3-BF4B-00C04F79EFBC}") = "Common", "Common\Common.csproj", "{A48DC646-4898-4D41-AE3A-518510A64EC5}"
EndProject
Global
	GlobalSection(SolutionConfigurationPlatforms) = preSolution
		Debug|Any CPU = Debug|Any CPU
		Release|Any CPU = Release|Any CPU
	EndGlobalSection
	GlobalSection(ProjectConfigurationPlatforms) = postSolution
		{C204B2ED-A988-4785-8AC9-870BAD66E15C}.Debug|Any CPU.ActiveCfg = Debug|Any CPU
		{C204B2ED-A988-4785-8AC9-870BAD66E15C}.Debug|Any CPU.Build.0 = Debug|Any CPU
		{C204B2ED-A988-4785-8AC9-870BAD66E15C}.Release|Any CPU.ActiveCfg = Release|Any CPU
		{C204B2ED-A988-4785-8AC9-870BAD66E15C}.Release|Any CPU.Build.0 = Release|Any CPU
		{4B60FBF1-BFD4-42B4-9AEF-C065DDA6D508}.Debug|Any CPU.ActiveCfg = Debug|Any CPU
		{4B60FBF1-BFD4-42B4-9AEF-C065DDA6D508}.Debug|Any CPU.Build.0 = Debug|Any CPU
		{4B60FBF1-BFD4-42B4-9AEF-C065DDA6D508}.Release|Any CPU.ActiveCfg = Release|Any CPU
		{4B60FBF1-BFD4-42B4-9AEF-C065DDA6D508}.Release|Any CPU.Build.0 = Release|Any CPU
		{A48DC646-4898-4D41-AE3A-518510A64EC5}.Debug|Any CPU.ActiveCfg = Debug|Any CPU
		{A48DC646-4898-4D41-AE3A-518510A64EC5}.Debug|Any CPU.Build.0 = Debug|Any CPU
		{A48DC646-4898-4D41-AE3A-518510A64EC5}.Release|Any CPU.ActiveCfg = Release|Any CPU
		{A48DC646-4898-4D41-AE3A-518510A64EC5}.Release|Any CPU.Build.0 = Release|Any CPU
	EndGlobalSection
	GlobalSection(SolutionProperties) = preSolution
		HideSolutionNode = FALSE
	EndGlobalSection
EndGlobal
